{
    "nelmio/cors-bundle": {
        "version": "1.5",
        "recipe": {
            "repo": "github.com/symfony/recipes",
            "branch": "master",
            "version": "1.5",
            "ref": "6388de23860284db9acce0a7a5d9d13153bcb571"
        },
        "files": [
            "config/packages/nelmio_cors.yaml"
        ]
    },
    "php": {
        "version": "7.4"
    },
    "symfony/twig-bridge": {
        "version": "v4.4.10"
    },
    "symfony/twig-bundle": {
        "version": "4.4",
        "recipe": {
            "repo": "github.com/symfony/recipes",
            "branch": "master",
            "version": "4.4",
            "ref": "15a41bbd66a1323d09824a189b485c126bbefa51"
        },
        "files": [
            "config/packages/test/twig.yaml",
            "config/packages/twig.yaml",
            "templates/base.html.twig"
        ]
    },
    "symfony/twig-pack": {
        "version": "v1.0.0"
    },
    "twig/extra-bundle": {
        "version": "v3.0.4"
    },
    "twig/twig": {
        "version": "v3.0.4"
    }
}
